
Microsoft Visual Studio Solution File, Format Version 12.00
# Visual Studio 15
VisualStudioVersion = 15.0.26020.0
MinimumVisualStudioVersion = 10.0.40219.1
Project("{2150E333-8FDC-42A3-9474-1A3956D46DE8}") = "src", "src", "{749E4A4C-3621-4559-A57C-678C1A9C86B0}"
EndProject
Project("{9A19103F-16F7-4668-BE54-9A1E7A4F7556}") = "CrowdSource.Web", "src\CrowdSource.Web\CrowdSource.Web.csproj", "{21CFC837-0D4B-458C-BA4F-68F8D88E06E7}"
EndProject
Project("{9A19103F-16F7-4668-BE54-9A1E7A4F7556}") = "CrowdSource.Test", "test\CrowdSource.Test\CrowdSource.Test.csproj", "{91BCA19A-1C50-4361-9F05-BBA1EDE82059}"
EndProject
Project("{9A19103F-16F7-4668-BE54-9A1E7A4F7556}") = "CrowdSource.Core", "src\CrowdSource.Core\CrowdSource.Core.csproj", "{A78DFD07-280D-43E5-83DA-6028F9745985}"
EndProject
Project("{9A19103F-16F7-4668-BE54-9A1E7A4F7556}") = "CrowdSource.Formatters", "src\CrowdSource.Formatters\CrowdSource.Formatters.csproj", "{DAB9BC02-A859-4816-9C3C-F11ABB9F056A}"
EndProject
Project("{9A19103F-16F7-4668-BE54-9A1E7A4F7556}") = "CrowdSource.GrainInterfaces", "src\CrowdSource.GrainInterfaces\CrowdSource.GrainInterfaces.csproj", "{7B654985-BA9E-47B5-8888-E55CDCF1534D}"
EndProject
Project("{9A19103F-16F7-4668-BE54-9A1E7A4F7556}") = "CrowdSource.Grains", "src\CrowdSource.Grains\CrowdSource.Grains.csproj", "{FAE57087-3E4C-4191-8E3D-B08D939D646A}"
EndProject
Project("{9A19103F-16F7-4668-BE54-9A1E7A4F7556}") = "ADFD", "src\ADFD\ADFD.csproj", "{DFA77DF4-AF74-47CE-829A-846356FE8475}"
EndProject
Project("{9A19103F-16F7-4668-BE54-9A1E7A4F7556}") = "CrowdSource.SiloHost", "src\CrowdSource.SiloHost\CrowdSource.SiloHost.csproj", "{11044247-D27B-4098-92B7-22DED82FD2D0}"
EndProject
Global
	GlobalSection(SolutionConfigurationPlatforms) = preSolution
		Debug|Any CPU = Debug|Any CPU
		Debug|x64 = Debug|x64
		Debug|x86 = Debug|x86
		Release|Any CPU = Release|Any CPU
		Release|x64 = Release|x64
		Release|x86 = Release|x86
	EndGlobalSection
	GlobalSection(ProjectConfigurationPlatforms) = postSolution
		{21CFC837-0D4B-458C-BA4F-68F8D88E06E7}.Debug|Any CPU.ActiveCfg = Debug|Any CPU
		{21CFC837-0D4B-458C-BA4F-68F8D88E06E7}.Debug|Any CPU.Build.0 = Debug|Any CPU
		{21CFC837-0D4B-458C-BA4F-68F8D88E06E7}.Debug|Any CPU.Deploy.0 = Debug|Any CPU
		{21CFC837-0D4B-458C-BA4F-68F8D88E06E7}.Debug|x64.ActiveCfg = Debug|Any CPU
		{21CFC837-0D4B-458C-BA4F-68F8D88E06E7}.Debug|x64.Build.0 = Debug|Any CPU
		{21CFC837-0D4B-458C-BA4F-68F8D88E06E7}.Debug|x86.ActiveCfg = Debug|Any CPU
		{21CFC837-0D4B-458C-BA4F-68F8D88E06E7}.Debug|x86.Build.0 = Debug|Any CPU
		{21CFC837-0D4B-458C-BA4F-68F8D88E06E7}.Release|Any CPU.ActiveCfg = Debug|Any CPU
		{21CFC837-0D4B-458C-BA4F-68F8D88E06E7}.Release|Any CPU.Build.0 = Debug|Any CPU
		{21CFC837-0D4B-458C-BA4F-68F8D88E06E7}.Release|x64.ActiveCfg = Release|Any CPU
		{21CFC837-0D4B-458C-BA4F-68F8D88E06E7}.Release|x64.Build.0 = Release|Any CPU
		{21CFC837-0D4B-458C-BA4F-68F8D88E06E7}.Release|x86.ActiveCfg = Release|Any CPU
		{21CFC837-0D4B-458C-BA4F-68F8D88E06E7}.Release|x86.Build.0 = Release|Any CPU
		{91BCA19A-1C50-4361-9F05-BBA1EDE82059}.Debug|Any CPU.ActiveCfg = Debug|Any CPU
		{91BCA19A-1C50-4361-9F05-BBA1EDE82059}.Debug|Any CPU.Build.0 = Debug|Any CPU
		{91BCA19A-1C50-4361-9F05-BBA1EDE82059}.Debug|x64.ActiveCfg = Debug|Any CPU
		{91BCA19A-1C50-4361-9F05-BBA1EDE82059}.Debug|x64.Build.0 = Debug|Any CPU
		{91BCA19A-1C50-4361-9F05-BBA1EDE82059}.Debug|x86.ActiveCfg = Debug|Any CPU
		{91BCA19A-1C50-4361-9F05-BBA1EDE82059}.Debug|x86.Build.0 = Debug|Any CPU
		{91BCA19A-1C50-4361-9F05-BBA1EDE82059}.Release|Any CPU.ActiveCfg = Release|Any CPU
		{91BCA19A-1C50-4361-9F05-BBA1EDE82059}.Release|Any CPU.Build.0 = Release|Any CPU
		{91BCA19A-1C50-4361-9F05-BBA1EDE82059}.Release|x64.ActiveCfg = Release|Any CPU
		{91BCA19A-1C50-4361-9F05-BBA1EDE82059}.Release|x64.Build.0 = Release|Any CPU
		{91BCA19A-1C50-4361-9F05-BBA1EDE82059}.Release|x86.ActiveCfg = Release|Any CPU
		{91BCA19A-1C50-4361-9F05-BBA1EDE82059}.Release|x86.Build.0 = Release|Any CPU
		{A78DFD07-280D-43E5-83DA-6028F9745985}.Debug|Any CPU.ActiveCfg = Debug|Any CPU
		{A78DFD07-280D-43E5-83DA-6028F9745985}.Debug|Any CPU.Build.0 = Debug|Any CPU
		{A78DFD07-280D-43E5-83DA-6028F9745985}.Debug|x64.ActiveCfg = Debug|Any CPU
		{A78DFD07-280D-43E5-83DA-6028F9745985}.Debug|x64.Build.0 = Debug|Any CPU
		{A78DFD07-280D-43E5-83DA-6028F9745985}.Debug|x86.ActiveCfg = Debug|Any CPU
		{A78DFD07-280D-43E5-83DA-6028F9745985}.Debug|x86.Build.0 = Debug|Any CPU
		{A78DFD07-280D-43E5-83DA-6028F9745985}.Release|Any CPU.ActiveCfg = Release|Any CPU
		{A78DFD07-280D-43E5-83DA-6028F9745985}.Release|Any CPU.Build.0 = Release|Any CPU
		{A78DFD07-280D-43E5-83DA-6028F9745985}.Release|x64.ActiveCfg = Release|Any CPU
		{A78DFD07-280D-43E5-83DA-6028F9745985}.Release|x64.Build.0 = Release|Any CPU
		{A78DFD07-280D-43E5-83DA-6028F9745985}.Release|x86.ActiveCfg = Release|Any CPU
		{A78DFD07-280D-43E5-83DA-6028F9745985}.Release|x86.Build.0 = Release|Any CPU
		{DAB9BC02-A859-4816-9C3C-F11ABB9F056A}.Debug|Any CPU.ActiveCfg = Debug|Any CPU
		{DAB9BC02-A859-4816-9C3C-F11ABB9F056A}.Debug|Any CPU.Build.0 = Debug|Any CPU
		{DAB9BC02-A859-4816-9C3C-F11ABB9F056A}.Debug|x64.ActiveCfg = Debug|Any CPU
		{DAB9BC02-A859-4816-9C3C-F11ABB9F056A}.Debug|x64.Build.0 = Debug|Any CPU
		{DAB9BC02-A859-4816-9C3C-F11ABB9F056A}.Debug|x86.ActiveCfg = Debug|Any CPU
		{DAB9BC02-A859-4816-9C3C-F11ABB9F056A}.Debug|x86.Build.0 = Debug|Any CPU
		{DAB9BC02-A859-4816-9C3C-F11ABB9F056A}.Release|Any CPU.ActiveCfg = Release|Any CPU
		{DAB9BC02-A859-4816-9C3C-F11ABB9F056A}.Release|Any CPU.Build.0 = Release|Any CPU
		{DAB9BC02-A859-4816-9C3C-F11ABB9F056A}.Release|x64.ActiveCfg = Release|Any CPU
		{DAB9BC02-A859-4816-9C3C-F11ABB9F056A}.Release|x64.Build.0 = Release|Any CPU
		{DAB9BC02-A859-4816-9C3C-F11ABB9F056A}.Release|x86.ActiveCfg = Release|Any CPU
		{DAB9BC02-A859-4816-9C3C-F11ABB9F056A}.Release|x86.Build.0 = Release|Any CPU
		{7B654985-BA9E-47B5-8888-E55CDCF1534D}.Debug|Any CPU.ActiveCfg = Debug|Any CPU
		{7B654985-BA9E-47B5-8888-E55CDCF1534D}.Debug|Any CPU.Build.0 = Debug|Any CPU
		{7B654985-BA9E-47B5-8888-E55CDCF1534D}.Debug|x64.ActiveCfg = Debug|Any CPU
		{7B654985-BA9E-47B5-8888-E55CDCF1534D}.Debug|x64.Build.0 = Debug|Any CPU
		{7B654985-BA9E-47B5-8888-E55CDCF1534D}.Debug|x86.ActiveCfg = Debug|Any CPU
		{7B654985-BA9E-47B5-8888-E55CDCF1534D}.Debug|x86.Build.0 = Debug|Any CPU
		{7B654985-BA9E-47B5-8888-E55CDCF1534D}.Release|Any CPU.ActiveCfg = Release|Any CPU
		{7B654985-BA9E-47B5-8888-E55CDCF1534D}.Release|Any CPU.Build.0 = Release|Any CPU
		{7B654985-BA9E-47B5-8888-E55CDCF1534D}.Release|x64.ActiveCfg = Release|Any CPU
		{7B654985-BA9E-47B5-8888-E55CDCF1534D}.Release|x64.Build.0 = Release|Any CPU
		{7B654985-BA9E-47B5-8888-E55CDCF1534D}.Release|x86.ActiveCfg = Release|Any CPU
		{7B654985-BA9E-47B5-8888-E55CDCF1534D}.Release|x86.Build.0 = Release|Any CPU
		{FAE57087-3E4C-4191-8E3D-B08D939D646A}.Debug|Any CPU.ActiveCfg = Debug|Any CPU
		{FAE57087-3E4C-4191-8E3D-B08D939D646A}.Debug|Any CPU.Build.0 = Debug|Any CPU
		{FAE57087-3E4C-4191-8E3D-B08D939D646A}.Debug|x64.ActiveCfg = Debug|Any CPU
		{FAE57087-3E4C-4191-8E3D-B08D939D646A}.Debug|x64.Build.0 = Debug|Any CPU
		{FAE57087-3E4C-4191-8E3D-B08D939D646A}.Debug|x86.ActiveCfg = Debug|Any CPU
		{FAE57087-3E4C-4191-8E3D-B08D939D646A}.Debug|x86.Build.0 = Debug|Any CPU
		{FAE57087-3E4C-4191-8E3D-B08D939D646A}.Release|Any CPU.ActiveCfg = Release|Any CPU
		{FAE57087-3E4C-4191-8E3D-B08D939D646A}.Release|Any CPU.Build.0 = Release|Any CPU
		{FAE57087-3E4C-4191-8E3D-B08D939D646A}.Release|x64.ActiveCfg = Release|Any CPU
		{FAE57087-3E4C-4191-8E3D-B08D939D646A}.Release|x64.Build.0 = Release|Any CPU
		{FAE57087-3E4C-4191-8E3D-B08D939D646A}.Release|x86.ActiveCfg = Release|Any CPU
		{FAE57087-3E4C-4191-8E3D-B08D939D646A}.Release|x86.Build.0 = Release|Any CPU
		{DFA77DF4-AF74-47CE-829A-846356FE8475}.Debug|Any CPU.ActiveCfg = Debug|Any CPU
		{DFA77DF4-AF74-47CE-829A-846356FE8475}.Debug|Any CPU.Build.0 = Debug|Any CPU
		{DFA77DF4-AF74-47CE-829A-846356FE8475}.Debug|x64.ActiveCfg = Debug|Any CPU
		{DFA77DF4-AF74-47CE-829A-846356FE8475}.Debug|x64.Build.0 = Debug|Any CPU
		{DFA77DF4-AF74-47CE-829A-846356FE8475}.Debug|x86.ActiveCfg = Debug|Any CPU
		{DFA77DF4-AF74-47CE-829A-846356FE8475}.Debug|x86.Build.0 = Debug|Any CPU
		{DFA77DF4-AF74-47CE-829A-846356FE8475}.Release|Any CPU.ActiveCfg = Release|Any CPU
		{DFA77DF4-AF74-47CE-829A-846356FE8475}.Release|Any CPU.Build.0 = Release|Any CPU
		{DFA77DF4-AF74-47CE-829A-846356FE8475}.Release|x64.ActiveCfg = Release|Any CPU
		{DFA77DF4-AF74-47CE-829A-846356FE8475}.Release|x64.Build.0 = Release|Any CPU
		{DFA77DF4-AF74-47CE-829A-846356FE8475}.Release|x86.ActiveCfg = Release|Any CPU
		{DFA77DF4-AF74-47CE-829A-846356FE8475}.Release|x86.Build.0 = Release|Any CPU
		{11044247-D27B-4098-92B7-22DED82FD2D0}.Debug|Any CPU.ActiveCfg = Debug|Any CPU
		{11044247-D27B-4098-92B7-22DED82FD2D0}.Debug|Any CPU.Build.0 = Debug|Any CPU
		{11044247-D27B-4098-92B7-22DED82FD2D0}.Debug|x64.ActiveCfg = Debug|Any CPU
		{11044247-D27B-4098-92B7-22DED82FD2D0}.Debug|x64.Build.0 = Debug|Any CPU
		{11044247-D27B-4098-92B7-22DED82FD2D0}.Debug|x86.ActiveCfg = Debug|Any CPU
		{11044247-D27B-4098-92B7-22DED82FD2D0}.Debug|x86.Build.0 = Debug|Any CPU
		{11044247-D27B-4098-92B7-22DED82FD2D0}.Release|Any CPU.ActiveCfg = Release|Any CPU
		{11044247-D27B-4098-92B7-22DED82FD2D0}.Release|Any CPU.Build.0 = Release|Any CPU
		{11044247-D27B-4098-92B7-22DED82FD2D0}.Release|x64.ActiveCfg = Release|Any CPU
		{11044247-D27B-4098-92B7-22DED82FD2D0}.Release|x64.Build.0 = Release|Any CPU
		{11044247-D27B-4098-92B7-22DED82FD2D0}.Release|x86.ActiveCfg = Release|Any CPU
		{11044247-D27B-4098-92B7-22DED82FD2D0}.Release|x86.Build.0 = Release|Any CPU
	EndGlobalSection
	GlobalSection(SolutionProperties) = preSolution
		HideSolutionNode = FALSE
	EndGlobalSection
	GlobalSection(NestedProjects) = preSolution
		{21CFC837-0D4B-458C-BA4F-68F8D88E06E7} = {749E4A4C-3621-4559-A57C-678C1A9C86B0}
		{A78DFD07-280D-43E5-83DA-6028F9745985} = {749E4A4C-3621-4559-A57C-678C1A9C86B0}
		{DAB9BC02-A859-4816-9C3C-F11ABB9F056A} = {749E4A4C-3621-4559-A57C-678C1A9C86B0}
		{7B654985-BA9E-47B5-8888-E55CDCF1534D} = {749E4A4C-3621-4559-A57C-678C1A9C86B0}
		{FAE57087-3E4C-4191-8E3D-B08D939D646A} = {749E4A4C-3621-4559-A57C-678C1A9C86B0}
		{DFA77DF4-AF74-47CE-829A-846356FE8475} = {749E4A4C-3621-4559-A57C-678C1A9C86B0}
		{11044247-D27B-4098-92B7-22DED82FD2D0} = {749E4A4C-3621-4559-A57C-678C1A9C86B0}
	EndGlobalSection
	GlobalSection(ExtensibilityGlobals) = postSolution
		SolutionGuid = {6914086D-5337-40BD-BEA1-26CECA2070FD}
	EndGlobalSection
EndGlobal
