
Microsoft Visual Studio Solution File, Format Version 12.00
# Visual Studio 15
VisualStudioVersion = 15.0.26020.0
MinimumVisualStudioVersion = 10.0.40219.1
Project("{2150E333-8FDC-42A3-9474-1A3956D46DE8}") = "src", "src", "{749E4A4C-3621-4559-A57C-678C1A9C86B0}"
EndProject
Project("{9A19103F-16F7-4668-BE54-9A1E7A4F7556}") = "CrowdSource", "src\CrowdSource\CrowdSource.csproj", "{21CFC837-0D4B-458C-BA4F-68F8D88E06E7}"
EndProject
Project("{9A19103F-16F7-4668-BE54-9A1E7A4F7556}") = "CrowdSource.Test", "test\CrowdSource.Test\CrowdSource.Test.csproj", "{91BCA19A-1C50-4361-9F05-BBA1EDE82059}"
EndProject
Global
	GlobalSection(SolutionConfigurationPlatforms) = preSolution
		Debug|Any CPU = Debug|Any CPU
		Debug|x64 = Debug|x64
		Debug|x86 = Debug|x86
		Release|Any CPU = Release|Any CPU
		Release|x64 = Release|x64
		Release|x86 = Release|x86
	EndGlobalSection
	GlobalSection(ProjectConfigurationPlatforms) = postSolution
		{21CFC837-0D4B-458C-BA4F-68F8D88E06E7}.Debug|Any CPU.ActiveCfg = Debug|Any CPU
		{21CFC837-0D4B-458C-BA4F-68F8D88E06E7}.Debug|Any CPU.Build.0 = Debug|Any CPU
		{21CFC837-0D4B-458C-BA4F-68F8D88E06E7}.Debug|Any CPU.Deploy.0 = Debug|Any CPU
		{21CFC837-0D4B-458C-BA4F-68F8D88E06E7}.Debug|x64.ActiveCfg = Debug|Any CPU
		{21CFC837-0D4B-458C-BA4F-68F8D88E06E7}.Debug|x64.Build.0 = Debug|Any CPU
		{21CFC837-0D4B-458C-BA4F-68F8D88E06E7}.Debug|x86.ActiveCfg = Debug|Any CPU
		{21CFC837-0D4B-458C-BA4F-68F8D88E06E7}.Debug|x86.Build.0 = Debug|Any CPU
		{21CFC837-0D4B-458C-BA4F-68F8D88E06E7}.Release|Any CPU.ActiveCfg = Debug|Any CPU
		{21CFC837-0D4B-458C-BA4F-68F8D88E06E7}.Release|Any CPU.Build.0 = Debug|Any CPU
		{21CFC837-0D4B-458C-BA4F-68F8D88E06E7}.Release|x64.ActiveCfg = Release|Any CPU
		{21CFC837-0D4B-458C-BA4F-68F8D88E06E7}.Release|x64.Build.0 = Release|Any CPU
		{21CFC837-0D4B-458C-BA4F-68F8D88E06E7}.Release|x86.ActiveCfg = Release|Any CPU
		{21CFC837-0D4B-458C-BA4F-68F8D88E06E7}.Release|x86.Build.0 = Release|Any CPU
		{91BCA19A-1C50-4361-9F05-BBA1EDE82059}.Debug|Any CPU.ActiveCfg = Debug|Any CPU
		{91BCA19A-1C50-4361-9F05-BBA1EDE82059}.Debug|Any CPU.Build.0 = Debug|Any CPU
		{91BCA19A-1C50-4361-9F05-BBA1EDE82059}.Debug|x64.ActiveCfg = Debug|Any CPU
		{91BCA19A-1C50-4361-9F05-BBA1EDE82059}.Debug|x64.Build.0 = Debug|Any CPU
		{91BCA19A-1C50-4361-9F05-BBA1EDE82059}.Debug|x86.ActiveCfg = Debug|Any CPU
		{91BCA19A-1C50-4361-9F05-BBA1EDE82059}.Debug|x86.Build.0 = Debug|Any CPU
		{91BCA19A-1C50-4361-9F05-BBA1EDE82059}.Release|Any CPU.ActiveCfg = Release|Any CPU
		{91BCA19A-1C50-4361-9F05-BBA1EDE82059}.Release|Any CPU.Build.0 = Release|Any CPU
		{91BCA19A-1C50-4361-9F05-BBA1EDE82059}.Release|x64.ActiveCfg = Release|Any CPU
		{91BCA19A-1C50-4361-9F05-BBA1EDE82059}.Release|x64.Build.0 = Release|Any CPU
		{91BCA19A-1C50-4361-9F05-BBA1EDE82059}.Release|x86.ActiveCfg = Release|Any CPU
		{91BCA19A-1C50-4361-9F05-BBA1EDE82059}.Release|x86.Build.0 = Release|Any CPU
	EndGlobalSection
	GlobalSection(SolutionProperties) = preSolution
		HideSolutionNode = FALSE
	EndGlobalSection
	GlobalSection(NestedProjects) = preSolution
		{21CFC837-0D4B-458C-BA4F-68F8D88E06E7} = {749E4A4C-3621-4559-A57C-678C1A9C86B0}
	EndGlobalSection
	GlobalSection(ExtensibilityGlobals) = postSolution
		SolutionGuid = {6914086D-5337-40BD-BEA1-26CECA2070FD}
	EndGlobalSection
EndGlobal
