
Microsoft Visual Studio Solution File, Format Version 12.00
# Visual Studio 15
VisualStudioVersion = 15.0.26124.0
MinimumVisualStudioVersion = 15.0.26124.0
Project("{2150E333-8FDC-42A3-9474-1A3956D46DE8}") = "src", "src", "{5202FCC5-8EED-47EB-915F-C45CC91503D6}"
EndProject
Project("{FAE04EC0-301F-11D3-BF4B-00C04F79EFBC}") = "Zezo.Core", "src\Zezo.Core\Zezo.Core.csproj", "{8935FCD0-9AC2-4FC9-A4EC-96956DC2BA7E}"
EndProject
Project("{FAE04EC0-301F-11D3-BF4B-00C04F79EFBC}") = "Zezo.Core.Configuration", "src\Zezo.Core.Configuration\Zezo.Core.Configuration.csproj", "{C0BB0121-CD79-4DE8-9139-EAA4628E6FB8}"
EndProject
Project("{2150E333-8FDC-42A3-9474-1A3956D46DE8}") = "test", "test", "{EF7E8F1D-A4DF-4D25-9B7A-AE13B016FCDA}"
EndProject
Project("{FAE04EC0-301F-11D3-BF4B-00C04F79EFBC}") = "Zezo.Core.Configuration.Tests", "test\Zezo.Core.Configuration.Tests\Zezo.Core.Configuration.Tests.csproj", "{17428D47-C840-42BF-85F7-D81119400107}"
EndProject
Project("{FAE04EC0-301F-11D3-BF4B-00C04F79EFBC}") = "Zezo.Core.Grains", "src\Zezo.Core.Grains\Zezo.Core.Grains.csproj", "{24FC8D59-CA06-4378-AF3D-4D5C973396F2}"
EndProject
Project("{FAE04EC0-301F-11D3-BF4B-00C04F79EFBC}") = "Zezo.Core.GrainInterfaces", "src\Zezo.Core.GrainInterfaces\Zezo.Core.GrainInterfaces.csproj", "{67C6E192-7986-4EA7-8D3B-F7A282DCC85B}"
EndProject
Project("{FAE04EC0-301F-11D3-BF4B-00C04F79EFBC}") = "Zezo.Client", "src\Zezo.Client\Zezo.Client.csproj", "{158092A5-3BCD-41D6-A91F-4F489E24B5F1}"
EndProject
Project("{FAE04EC0-301F-11D3-BF4B-00C04F79EFBC}") = "Zezo.Silo", "src\Zezo.Silo\Zezo.Silo.csproj", "{41154786-FB46-4890-9212-2C4F306EEAA5}"
EndProject
Project("{FAE04EC0-301F-11D3-BF4B-00C04F79EFBC}") = "Zezo.Core.Grains.Tests", "test\Zezo.Core.Grains.Tests\Zezo.Core.Grains.Tests.csproj", "{42EB19D3-BDD1-465B-B6AC-B3C7BB7D4576}"
EndProject
Project("{FAE04EC0-301F-11D3-BF4B-00C04F79EFBC}") = "Zezo.Core.Datastores", "src\Zezo.Core.Datastores\Zezo.Core.Datastores.csproj", "{3BC519FA-7498-4498-990E-BB46329B5A09}"
EndProject
Project("{FAE04EC0-301F-11D3-BF4B-00C04F79EFBC}") = "Zezo.Core.Datastores.Tests", "test\Zezo.Core.Datastores.Tests\Zezo.Core.Datastores.Tests.csproj", "{E6AC15F6-56F4-47FC-9C00-7D7BDDB9EB47}"
EndProject
Global
	GlobalSection(SolutionConfigurationPlatforms) = preSolution
		Debug|Any CPU = Debug|Any CPU
		Debug|x64 = Debug|x64
		Debug|x86 = Debug|x86
		Release|Any CPU = Release|Any CPU
		Release|x64 = Release|x64
		Release|x86 = Release|x86
	EndGlobalSection
	GlobalSection(SolutionProperties) = preSolution
		HideSolutionNode = FALSE
	EndGlobalSection
	GlobalSection(ProjectConfigurationPlatforms) = postSolution
		{8935FCD0-9AC2-4FC9-A4EC-96956DC2BA7E}.Debug|Any CPU.ActiveCfg = Debug|Any CPU
		{8935FCD0-9AC2-4FC9-A4EC-96956DC2BA7E}.Debug|Any CPU.Build.0 = Debug|Any CPU
		{8935FCD0-9AC2-4FC9-A4EC-96956DC2BA7E}.Debug|x64.ActiveCfg = Debug|Any CPU
		{8935FCD0-9AC2-4FC9-A4EC-96956DC2BA7E}.Debug|x64.Build.0 = Debug|Any CPU
		{8935FCD0-9AC2-4FC9-A4EC-96956DC2BA7E}.Debug|x86.ActiveCfg = Debug|Any CPU
		{8935FCD0-9AC2-4FC9-A4EC-96956DC2BA7E}.Debug|x86.Build.0 = Debug|Any CPU
		{8935FCD0-9AC2-4FC9-A4EC-96956DC2BA7E}.Release|Any CPU.ActiveCfg = Release|Any CPU
		{8935FCD0-9AC2-4FC9-A4EC-96956DC2BA7E}.Release|Any CPU.Build.0 = Release|Any CPU
		{8935FCD0-9AC2-4FC9-A4EC-96956DC2BA7E}.Release|x64.ActiveCfg = Release|Any CPU
		{8935FCD0-9AC2-4FC9-A4EC-96956DC2BA7E}.Release|x64.Build.0 = Release|Any CPU
		{8935FCD0-9AC2-4FC9-A4EC-96956DC2BA7E}.Release|x86.ActiveCfg = Release|Any CPU
		{8935FCD0-9AC2-4FC9-A4EC-96956DC2BA7E}.Release|x86.Build.0 = Release|Any CPU
		{C0BB0121-CD79-4DE8-9139-EAA4628E6FB8}.Debug|Any CPU.ActiveCfg = Debug|Any CPU
		{C0BB0121-CD79-4DE8-9139-EAA4628E6FB8}.Debug|Any CPU.Build.0 = Debug|Any CPU
		{C0BB0121-CD79-4DE8-9139-EAA4628E6FB8}.Debug|x64.ActiveCfg = Debug|Any CPU
		{C0BB0121-CD79-4DE8-9139-EAA4628E6FB8}.Debug|x64.Build.0 = Debug|Any CPU
		{C0BB0121-CD79-4DE8-9139-EAA4628E6FB8}.Debug|x86.ActiveCfg = Debug|Any CPU
		{C0BB0121-CD79-4DE8-9139-EAA4628E6FB8}.Debug|x86.Build.0 = Debug|Any CPU
		{C0BB0121-CD79-4DE8-9139-EAA4628E6FB8}.Release|Any CPU.ActiveCfg = Release|Any CPU
		{C0BB0121-CD79-4DE8-9139-EAA4628E6FB8}.Release|Any CPU.Build.0 = Release|Any CPU
		{C0BB0121-CD79-4DE8-9139-EAA4628E6FB8}.Release|x64.ActiveCfg = Release|Any CPU
		{C0BB0121-CD79-4DE8-9139-EAA4628E6FB8}.Release|x64.Build.0 = Release|Any CPU
		{C0BB0121-CD79-4DE8-9139-EAA4628E6FB8}.Release|x86.ActiveCfg = Release|Any CPU
		{C0BB0121-CD79-4DE8-9139-EAA4628E6FB8}.Release|x86.Build.0 = Release|Any CPU
		{17428D47-C840-42BF-85F7-D81119400107}.Debug|Any CPU.ActiveCfg = Debug|Any CPU
		{17428D47-C840-42BF-85F7-D81119400107}.Debug|Any CPU.Build.0 = Debug|Any CPU
		{17428D47-C840-42BF-85F7-D81119400107}.Debug|x64.ActiveCfg = Debug|Any CPU
		{17428D47-C840-42BF-85F7-D81119400107}.Debug|x64.Build.0 = Debug|Any CPU
		{17428D47-C840-42BF-85F7-D81119400107}.Debug|x86.ActiveCfg = Debug|Any CPU
		{17428D47-C840-42BF-85F7-D81119400107}.Debug|x86.Build.0 = Debug|Any CPU
		{17428D47-C840-42BF-85F7-D81119400107}.Release|Any CPU.ActiveCfg = Release|Any CPU
		{17428D47-C840-42BF-85F7-D81119400107}.Release|Any CPU.Build.0 = Release|Any CPU
		{17428D47-C840-42BF-85F7-D81119400107}.Release|x64.ActiveCfg = Release|Any CPU
		{17428D47-C840-42BF-85F7-D81119400107}.Release|x64.Build.0 = Release|Any CPU
		{17428D47-C840-42BF-85F7-D81119400107}.Release|x86.ActiveCfg = Release|Any CPU
		{17428D47-C840-42BF-85F7-D81119400107}.Release|x86.Build.0 = Release|Any CPU
		{24FC8D59-CA06-4378-AF3D-4D5C973396F2}.Debug|Any CPU.ActiveCfg = Debug|Any CPU
		{24FC8D59-CA06-4378-AF3D-4D5C973396F2}.Debug|Any CPU.Build.0 = Debug|Any CPU
		{24FC8D59-CA06-4378-AF3D-4D5C973396F2}.Debug|x64.ActiveCfg = Debug|Any CPU
		{24FC8D59-CA06-4378-AF3D-4D5C973396F2}.Debug|x64.Build.0 = Debug|Any CPU
		{24FC8D59-CA06-4378-AF3D-4D5C973396F2}.Debug|x86.ActiveCfg = Debug|Any CPU
		{24FC8D59-CA06-4378-AF3D-4D5C973396F2}.Debug|x86.Build.0 = Debug|Any CPU
		{24FC8D59-CA06-4378-AF3D-4D5C973396F2}.Release|Any CPU.ActiveCfg = Release|Any CPU
		{24FC8D59-CA06-4378-AF3D-4D5C973396F2}.Release|Any CPU.Build.0 = Release|Any CPU
		{24FC8D59-CA06-4378-AF3D-4D5C973396F2}.Release|x64.ActiveCfg = Release|Any CPU
		{24FC8D59-CA06-4378-AF3D-4D5C973396F2}.Release|x64.Build.0 = Release|Any CPU
		{24FC8D59-CA06-4378-AF3D-4D5C973396F2}.Release|x86.ActiveCfg = Release|Any CPU
		{24FC8D59-CA06-4378-AF3D-4D5C973396F2}.Release|x86.Build.0 = Release|Any CPU
		{67C6E192-7986-4EA7-8D3B-F7A282DCC85B}.Debug|Any CPU.ActiveCfg = Debug|Any CPU
		{67C6E192-7986-4EA7-8D3B-F7A282DCC85B}.Debug|Any CPU.Build.0 = Debug|Any CPU
		{67C6E192-7986-4EA7-8D3B-F7A282DCC85B}.Debug|x64.ActiveCfg = Debug|Any CPU
		{67C6E192-7986-4EA7-8D3B-F7A282DCC85B}.Debug|x64.Build.0 = Debug|Any CPU
		{67C6E192-7986-4EA7-8D3B-F7A282DCC85B}.Debug|x86.ActiveCfg = Debug|Any CPU
		{67C6E192-7986-4EA7-8D3B-F7A282DCC85B}.Debug|x86.Build.0 = Debug|Any CPU
		{67C6E192-7986-4EA7-8D3B-F7A282DCC85B}.Release|Any CPU.ActiveCfg = Release|Any CPU
		{67C6E192-7986-4EA7-8D3B-F7A282DCC85B}.Release|Any CPU.Build.0 = Release|Any CPU
		{67C6E192-7986-4EA7-8D3B-F7A282DCC85B}.Release|x64.ActiveCfg = Release|Any CPU
		{67C6E192-7986-4EA7-8D3B-F7A282DCC85B}.Release|x64.Build.0 = Release|Any CPU
		{67C6E192-7986-4EA7-8D3B-F7A282DCC85B}.Release|x86.ActiveCfg = Release|Any CPU
		{67C6E192-7986-4EA7-8D3B-F7A282DCC85B}.Release|x86.Build.0 = Release|Any CPU
		{158092A5-3BCD-41D6-A91F-4F489E24B5F1}.Debug|Any CPU.ActiveCfg = Debug|Any CPU
		{158092A5-3BCD-41D6-A91F-4F489E24B5F1}.Debug|Any CPU.Build.0 = Debug|Any CPU
		{158092A5-3BCD-41D6-A91F-4F489E24B5F1}.Debug|x64.ActiveCfg = Debug|Any CPU
		{158092A5-3BCD-41D6-A91F-4F489E24B5F1}.Debug|x64.Build.0 = Debug|Any CPU
		{158092A5-3BCD-41D6-A91F-4F489E24B5F1}.Debug|x86.ActiveCfg = Debug|Any CPU
		{158092A5-3BCD-41D6-A91F-4F489E24B5F1}.Debug|x86.Build.0 = Debug|Any CPU
		{158092A5-3BCD-41D6-A91F-4F489E24B5F1}.Release|Any CPU.ActiveCfg = Release|Any CPU
		{158092A5-3BCD-41D6-A91F-4F489E24B5F1}.Release|Any CPU.Build.0 = Release|Any CPU
		{158092A5-3BCD-41D6-A91F-4F489E24B5F1}.Release|x64.ActiveCfg = Release|Any CPU
		{158092A5-3BCD-41D6-A91F-4F489E24B5F1}.Release|x64.Build.0 = Release|Any CPU
		{158092A5-3BCD-41D6-A91F-4F489E24B5F1}.Release|x86.ActiveCfg = Release|Any CPU
		{158092A5-3BCD-41D6-A91F-4F489E24B5F1}.Release|x86.Build.0 = Release|Any CPU
		{41154786-FB46-4890-9212-2C4F306EEAA5}.Debug|Any CPU.ActiveCfg = Debug|Any CPU
		{41154786-FB46-4890-9212-2C4F306EEAA5}.Debug|Any CPU.Build.0 = Debug|Any CPU
		{41154786-FB46-4890-9212-2C4F306EEAA5}.Debug|x64.ActiveCfg = Debug|Any CPU
		{41154786-FB46-4890-9212-2C4F306EEAA5}.Debug|x64.Build.0 = Debug|Any CPU
		{41154786-FB46-4890-9212-2C4F306EEAA5}.Debug|x86.ActiveCfg = Debug|Any CPU
		{41154786-FB46-4890-9212-2C4F306EEAA5}.Debug|x86.Build.0 = Debug|Any CPU
		{41154786-FB46-4890-9212-2C4F306EEAA5}.Release|Any CPU.ActiveCfg = Release|Any CPU
		{41154786-FB46-4890-9212-2C4F306EEAA5}.Release|Any CPU.Build.0 = Release|Any CPU
		{41154786-FB46-4890-9212-2C4F306EEAA5}.Release|x64.ActiveCfg = Release|Any CPU
		{41154786-FB46-4890-9212-2C4F306EEAA5}.Release|x64.Build.0 = Release|Any CPU
		{41154786-FB46-4890-9212-2C4F306EEAA5}.Release|x86.ActiveCfg = Release|Any CPU
		{41154786-FB46-4890-9212-2C4F306EEAA5}.Release|x86.Build.0 = Release|Any CPU
		{42EB19D3-BDD1-465B-B6AC-B3C7BB7D4576}.Debug|Any CPU.ActiveCfg = Debug|Any CPU
		{42EB19D3-BDD1-465B-B6AC-B3C7BB7D4576}.Debug|Any CPU.Build.0 = Debug|Any CPU
		{42EB19D3-BDD1-465B-B6AC-B3C7BB7D4576}.Debug|x64.ActiveCfg = Debug|Any CPU
		{42EB19D3-BDD1-465B-B6AC-B3C7BB7D4576}.Debug|x64.Build.0 = Debug|Any CPU
		{42EB19D3-BDD1-465B-B6AC-B3C7BB7D4576}.Debug|x86.ActiveCfg = Debug|Any CPU
		{42EB19D3-BDD1-465B-B6AC-B3C7BB7D4576}.Debug|x86.Build.0 = Debug|Any CPU
		{42EB19D3-BDD1-465B-B6AC-B3C7BB7D4576}.Release|Any CPU.ActiveCfg = Release|Any CPU
		{42EB19D3-BDD1-465B-B6AC-B3C7BB7D4576}.Release|Any CPU.Build.0 = Release|Any CPU
		{42EB19D3-BDD1-465B-B6AC-B3C7BB7D4576}.Release|x64.ActiveCfg = Release|Any CPU
		{42EB19D3-BDD1-465B-B6AC-B3C7BB7D4576}.Release|x64.Build.0 = Release|Any CPU
		{42EB19D3-BDD1-465B-B6AC-B3C7BB7D4576}.Release|x86.ActiveCfg = Release|Any CPU
		{42EB19D3-BDD1-465B-B6AC-B3C7BB7D4576}.Release|x86.Build.0 = Release|Any CPU
		{3BC519FA-7498-4498-990E-BB46329B5A09}.Debug|Any CPU.ActiveCfg = Debug|Any CPU
		{3BC519FA-7498-4498-990E-BB46329B5A09}.Debug|Any CPU.Build.0 = Debug|Any CPU
		{3BC519FA-7498-4498-990E-BB46329B5A09}.Debug|x64.ActiveCfg = Debug|Any CPU
		{3BC519FA-7498-4498-990E-BB46329B5A09}.Debug|x64.Build.0 = Debug|Any CPU
		{3BC519FA-7498-4498-990E-BB46329B5A09}.Debug|x86.ActiveCfg = Debug|Any CPU
		{3BC519FA-7498-4498-990E-BB46329B5A09}.Debug|x86.Build.0 = Debug|Any CPU
		{3BC519FA-7498-4498-990E-BB46329B5A09}.Release|Any CPU.ActiveCfg = Release|Any CPU
		{3BC519FA-7498-4498-990E-BB46329B5A09}.Release|Any CPU.Build.0 = Release|Any CPU
		{3BC519FA-7498-4498-990E-BB46329B5A09}.Release|x64.ActiveCfg = Release|Any CPU
		{3BC519FA-7498-4498-990E-BB46329B5A09}.Release|x64.Build.0 = Release|Any CPU
		{3BC519FA-7498-4498-990E-BB46329B5A09}.Release|x86.ActiveCfg = Release|Any CPU
		{3BC519FA-7498-4498-990E-BB46329B5A09}.Release|x86.Build.0 = Release|Any CPU
		{E6AC15F6-56F4-47FC-9C00-7D7BDDB9EB47}.Debug|Any CPU.ActiveCfg = Debug|Any CPU
		{E6AC15F6-56F4-47FC-9C00-7D7BDDB9EB47}.Debug|Any CPU.Build.0 = Debug|Any CPU
		{E6AC15F6-56F4-47FC-9C00-7D7BDDB9EB47}.Debug|x64.ActiveCfg = Debug|Any CPU
		{E6AC15F6-56F4-47FC-9C00-7D7BDDB9EB47}.Debug|x64.Build.0 = Debug|Any CPU
		{E6AC15F6-56F4-47FC-9C00-7D7BDDB9EB47}.Debug|x86.ActiveCfg = Debug|Any CPU
		{E6AC15F6-56F4-47FC-9C00-7D7BDDB9EB47}.Debug|x86.Build.0 = Debug|Any CPU
		{E6AC15F6-56F4-47FC-9C00-7D7BDDB9EB47}.Release|Any CPU.ActiveCfg = Release|Any CPU
		{E6AC15F6-56F4-47FC-9C00-7D7BDDB9EB47}.Release|Any CPU.Build.0 = Release|Any CPU
		{E6AC15F6-56F4-47FC-9C00-7D7BDDB9EB47}.Release|x64.ActiveCfg = Release|Any CPU
		{E6AC15F6-56F4-47FC-9C00-7D7BDDB9EB47}.Release|x64.Build.0 = Release|Any CPU
		{E6AC15F6-56F4-47FC-9C00-7D7BDDB9EB47}.Release|x86.ActiveCfg = Release|Any CPU
		{E6AC15F6-56F4-47FC-9C00-7D7BDDB9EB47}.Release|x86.Build.0 = Release|Any CPU
	EndGlobalSection
	GlobalSection(NestedProjects) = preSolution
		{8935FCD0-9AC2-4FC9-A4EC-96956DC2BA7E} = {5202FCC5-8EED-47EB-915F-C45CC91503D6}
		{C0BB0121-CD79-4DE8-9139-EAA4628E6FB8} = {5202FCC5-8EED-47EB-915F-C45CC91503D6}
		{17428D47-C840-42BF-85F7-D81119400107} = {EF7E8F1D-A4DF-4D25-9B7A-AE13B016FCDA}
		{24FC8D59-CA06-4378-AF3D-4D5C973396F2} = {5202FCC5-8EED-47EB-915F-C45CC91503D6}
		{67C6E192-7986-4EA7-8D3B-F7A282DCC85B} = {5202FCC5-8EED-47EB-915F-C45CC91503D6}
		{158092A5-3BCD-41D6-A91F-4F489E24B5F1} = {5202FCC5-8EED-47EB-915F-C45CC91503D6}
		{41154786-FB46-4890-9212-2C4F306EEAA5} = {5202FCC5-8EED-47EB-915F-C45CC91503D6}
		{42EB19D3-BDD1-465B-B6AC-B3C7BB7D4576} = {EF7E8F1D-A4DF-4D25-9B7A-AE13B016FCDA}
		{3BC519FA-7498-4498-990E-BB46329B5A09} = {5202FCC5-8EED-47EB-915F-C45CC91503D6}
		{E6AC15F6-56F4-47FC-9C00-7D7BDDB9EB47} = {EF7E8F1D-A4DF-4D25-9B7A-AE13B016FCDA}
	EndGlobalSection
EndGlobal
